
Microsoft Visual Studio Solution File, Format Version 12.00
# Visual Studio Version 17
VisualStudioVersion = 17.5.33414.496
MinimumVisualStudioVersion = 10.0.40219.1
Project("{FAE04EC0-301F-11D3-BF4B-00C04F79EFBC}") = "DLPR.LicensePlateData.Uploader", "DLPR.LicensePlateData.Uploader\DLPR.LicensePlateData.Uploader.csproj", "{D10DB649-3B1F-4577-ACFD-D1CA41A5487D}"
EndProject
Global
	GlobalSection(SolutionConfigurationPlatforms) = preSolution
		Debug|Any CPU = Debug|Any CPU
		Release|Any CPU = Release|Any CPU
	EndGlobalSection
	GlobalSection(ProjectConfigurationPlatforms) = postSolution
		{D10DB649-3B1F-4577-ACFD-D1CA41A5487D}.Debug|Any CPU.ActiveCfg = Debug|Any CPU
		{D10DB649-3B1F-4577-ACFD-D1CA41A5487D}.Debug|Any CPU.Build.0 = Debug|Any CPU
		{D10DB649-3B1F-4577-ACFD-D1CA41A5487D}.Release|Any CPU.ActiveCfg = Release|Any CPU
		{D10DB649-3B1F-4577-ACFD-D1CA41A5487D}.Release|Any CPU.Build.0 = Release|Any CPU
	EndGlobalSection
	GlobalSection(SolutionProperties) = preSolution
		HideSolutionNode = FALSE
	EndGlobalSection
	GlobalSection(ExtensibilityGlobals) = postSolution
		SolutionGuid = {70225A23-86A3-4C9B-BBFA-76280051B77A}
	EndGlobalSection
EndGlobal
