
Microsoft Visual Studio Solution File, Format Version 12.00
# Visual Studio Version 17
VisualStudioVersion = 17.5.33414.496
MinimumVisualStudioVersion = 10.0.40219.1
Project("{FAE04EC0-301F-11D3-BF4B-00C04F79EFBC}") = "DLPR.Detection.1_VideoToRawDetections", "DLPR.Detection.1_VideoToRawDetections\DLPR.Detection.1_VideoToRawDetections.csproj", "{BAEFD947-63FA-480B-8466-E28F2EF9F07A}"
EndProject
Project("{FAE04EC0-301F-11D3-BF4B-00C04F79EFBC}") = "DLPR.Detection.2_RawDetectionsToRawLicensePlates", "DLPR.Detection.2_RawDetectionsToRawLicensePlates\DLPR.Detection.2_RawDetectionsToRawLicensePlates.csproj", "{F62C0B50-1A0A-43D4-8DE0-078E44F40DDB}"
EndProject
Project("{FAE04EC0-301F-11D3-BF4B-00C04F79EFBC}") = "DLPR.Detection.3_RawLicensePlatesToLicensePlateDetections", "DLPR.Detection.3_RawLicensePlatesToLicensePlateDetections\DLPR.Detection.3_RawLicensePlatesToLicensePlateDetections.csproj", "{1BDAD1CD-AB75-4C0C-9178-955CBB09DDFC}"
EndProject
Global
	GlobalSection(SolutionConfigurationPlatforms) = preSolution
		Debug|Any CPU = Debug|Any CPU
		Release|Any CPU = Release|Any CPU
	EndGlobalSection
	GlobalSection(ProjectConfigurationPlatforms) = postSolution
		{BAEFD947-63FA-480B-8466-E28F2EF9F07A}.Debug|Any CPU.ActiveCfg = Debug|Any CPU
		{BAEFD947-63FA-480B-8466-E28F2EF9F07A}.Debug|Any CPU.Build.0 = Debug|Any CPU
		{BAEFD947-63FA-480B-8466-E28F2EF9F07A}.Release|Any CPU.ActiveCfg = Release|Any CPU
		{BAEFD947-63FA-480B-8466-E28F2EF9F07A}.Release|Any CPU.Build.0 = Release|Any CPU
		{F62C0B50-1A0A-43D4-8DE0-078E44F40DDB}.Debug|Any CPU.ActiveCfg = Debug|Any CPU
		{F62C0B50-1A0A-43D4-8DE0-078E44F40DDB}.Debug|Any CPU.Build.0 = Debug|Any CPU
		{F62C0B50-1A0A-43D4-8DE0-078E44F40DDB}.Release|Any CPU.ActiveCfg = Release|Any CPU
		{F62C0B50-1A0A-43D4-8DE0-078E44F40DDB}.Release|Any CPU.Build.0 = Release|Any CPU
		{1BDAD1CD-AB75-4C0C-9178-955CBB09DDFC}.Debug|Any CPU.ActiveCfg = Debug|Any CPU
		{1BDAD1CD-AB75-4C0C-9178-955CBB09DDFC}.Debug|Any CPU.Build.0 = Debug|Any CPU
		{1BDAD1CD-AB75-4C0C-9178-955CBB09DDFC}.Release|Any CPU.ActiveCfg = Release|Any CPU
		{1BDAD1CD-AB75-4C0C-9178-955CBB09DDFC}.Release|Any CPU.Build.0 = Release|Any CPU
	EndGlobalSection
	GlobalSection(SolutionProperties) = preSolution
		HideSolutionNode = FALSE
	EndGlobalSection
	GlobalSection(ExtensibilityGlobals) = postSolution
		SolutionGuid = {1A9C8137-4DAC-4AD8-989A-C5222B3DB0F7}
	EndGlobalSection
EndGlobal
